// !$*UTF8*$!
{
	archiveVersion = 1;
	classes = {
	};
	objectVersion = 46;
	objects = {

/* Begin PBXBuildFile section */
		04E2B0201B20A51D0014D261 /* AppDelegate.swift in Sources */ = {isa = PBXBuildFile; fileRef = 04E2B01F1B20A51D0014D261 /* AppDelegate.swift */; };
		04E2B0221B20A51D0014D261 /* ProfileViewController.swift in Sources */ = {isa = PBXBuildFile; fileRef = 04E2B0211B20A51D0014D261 /* ProfileViewController.swift */; };
		04E2B0251B20A51D0014D261 /* Main.storyboard in Resources */ = {isa = PBXBuildFile; fileRef = 04E2B0231B20A51D0014D261 /* Main.storyboard */; };
		04E2B0271B20A51D0014D261 /* Images.xcassets in Resources */ = {isa = PBXBuildFile; fileRef = 04E2B0261B20A51D0014D261 /* Images.xcassets */; };
		04E2B02A1B20A51D0014D261 /* LaunchScreen.xib in Resources */ = {isa = PBXBuildFile; fileRef = 04E2B0281B20A51D0014D261 /* LaunchScreen.xib */; };
		04E2B0361B20A51E0014D261 /* SelfieTests.swift in Sources */ = {isa = PBXBuildFile; fileRef = 04E2B0351B20A51E0014D261 /* SelfieTests.swift */; };
		04E2B0461B20CCE30014D261 /* CameraViewController.m in Sources */ = {isa = PBXBuildFile; fileRef = 04E2B0411B20CCE30014D261 /* CameraViewController.m */; };
		04E2B0471B20CCE30014D261 /* FilterCollectionViewCell.m in Sources */ = {isa = PBXBuildFile; fileRef = 04E2B0421B20CCE30014D261 /* FilterCollectionViewCell.m */; };
		04E2B0481B20CCE30014D261 /* FilterViewController.m in Sources */ = {isa = PBXBuildFile; fileRef = 04E2B0441B20CCE30014D261 /* FilterViewController.m */; };
		04E2B04E1B20D0400014D261 /* FeedTableViewController.swift in Sources */ = {isa = PBXBuildFile; fileRef = 04E2B04D1B20D0400014D261 /* FeedTableViewController.swift */; };
		04E2B0501B20D05F0014D261 /* WelcomeViewController.swift in Sources */ = {isa = PBXBuildFile; fileRef = 04E2B04F1B20D05F0014D261 /* WelcomeViewController.swift */; };
		04E2B0521B20D06F0014D261 /* LogInViewController.swift in Sources */ = {isa = PBXBuildFile; fileRef = 04E2B0511B20D06F0014D261 /* LogInViewController.swift */; };
		04E2B0541B20D07B0014D261 /* RegisterViewController.swift in Sources */ = {isa = PBXBuildFile; fileRef = 04E2B0531B20D07B0014D261 /* RegisterViewController.swift */; };
		04E2B0561B20D0AC0014D261 /* SubmitViewController.swift in Sources */ = {isa = PBXBuildFile; fileRef = 04E2B0551B20D0AC0014D261 /* SubmitViewController.swift */; };
		04E2B05E1B20D5630014D261 /* FeedTableViewCell.m in Sources */ = {isa = PBXBuildFile; fileRef = 04E2B05D1B20D5630014D261 /* FeedTableViewCell.m */; };
		04E2B0611B20D5D90014D261 /* SelfieCollectionViewCell.m in Sources */ = {isa = PBXBuildFile; fileRef = 04E2B0601B20D5D90014D261 /* SelfieCollectionViewCell.m */; };
		04E2B0641B20D6510014D261 /* PrettyButton.swift in Sources */ = {isa = PBXBuildFile; fileRef = 04E2B0631B20D6510014D261 /* PrettyButton.swift */; };
		04E2B0661B20D6820014D261 /* PrettyField.swift in Sources */ = {isa = PBXBuildFile; fileRef = 04E2B0651B20D6820014D261 /* PrettyField.swift */; };
		04E2B0681B20D6BC0014D261 /* AvatarView.swift in Sources */ = {isa = PBXBuildFile; fileRef = 04E2B0671B20D6BC0014D261 /* AvatarView.swift */; };
		04E2B06A1B20D7580014D261 /* StarButton.swift in Sources */ = {isa = PBXBuildFile; fileRef = 04E2B0691B20D7580014D261 /* StarButton.swift */; };
/* End PBXBuildFile section */

/* Begin PBXContainerItemProxy section */
		04E2B0301B20A51D0014D261 /* PBXContainerItemProxy */ = {
			isa = PBXContainerItemProxy;
			containerPortal = 04E2B0121B20A51D0014D261 /* Project object */;
			proxyType = 1;
			remoteGlobalIDString = 04E2B0191B20A51D0014D261;
			remoteInfo = Selfie;
		};
/* End PBXContainerItemProxy section */

/* Begin PBXFileReference section */
		04E2B01A1B20A51D0014D261 /* Selfie.app */ = {isa = PBXFileReference; explicitFileType = wrapper.application; includeInIndex = 0; path = Selfie.app; sourceTree = BUILT_PRODUCTS_DIR; };
		04E2B01E1B20A51D0014D261 /* Info.plist */ = {isa = PBXFileReference; lastKnownFileType = text.plist.xml; path = Info.plist; sourceTree = "<group>"; };
		04E2B01F1B20A51D0014D261 /* AppDelegate.swift */ = {isa = PBXFileReference; lastKnownFileType = sourcecode.swift; path = AppDelegate.swift; sourceTree = "<group>"; };
		04E2B0211B20A51D0014D261 /* ProfileViewController.swift */ = {isa = PBXFileReference; lastKnownFileType = sourcecode.swift; path = ProfileViewController.swift; sourceTree = "<group>"; };
		04E2B0241B20A51D0014D261 /* Base */ = {isa = PBXFileReference; lastKnownFileType = file.storyboard; name = Base; path = Base.lproj/Main.storyboard; sourceTree = "<group>"; };
		04E2B0261B20A51D0014D261 /* Images.xcassets */ = {isa = PBXFileReference; lastKnownFileType = folder.assetcatalog; path = Images.xcassets; sourceTree = "<group>"; };
		04E2B0291B20A51D0014D261 /* Base */ = {isa = PBXFileReference; lastKnownFileType = file.xib; name = Base; path = Base.lproj/LaunchScreen.xib; sourceTree = "<group>"; };
		04E2B02F1B20A51D0014D261 /* SelfieTests.xctest */ = {isa = PBXFileReference; explicitFileType = wrapper.cfbundle; includeInIndex = 0; path = SelfieTests.xctest; sourceTree = BUILT_PRODUCTS_DIR; };
		04E2B0341B20A51D0014D261 /* Info.plist */ = {isa = PBXFileReference; lastKnownFileType = text.plist.xml; path = Info.plist; sourceTree = "<group>"; };
		04E2B0351B20A51E0014D261 /* SelfieTests.swift */ = {isa = PBXFileReference; lastKnownFileType = sourcecode.swift; path = SelfieTests.swift; sourceTree = "<group>"; };
		04E2B03F1B20CCE30014D261 /* Selfie-Bridging-Header.h */ = {isa = PBXFileReference; lastKnownFileType = sourcecode.c.h; path = "Selfie-Bridging-Header.h"; sourceTree = "<group>"; };
		04E2B0401B20CCE30014D261 /* CameraViewController.h */ = {isa = PBXFileReference; fileEncoding = 4; lastKnownFileType = sourcecode.c.h; path = CameraViewController.h; sourceTree = "<group>"; };
		04E2B0411B20CCE30014D261 /* CameraViewController.m */ = {isa = PBXFileReference; fileEncoding = 4; lastKnownFileType = sourcecode.c.objc; path = CameraViewController.m; sourceTree = "<group>"; };
		04E2B0421B20CCE30014D261 /* FilterCollectionViewCell.m */ = {isa = PBXFileReference; fileEncoding = 4; lastKnownFileType = sourcecode.c.objc; path = FilterCollectionViewCell.m; sourceTree = "<group>"; };
		04E2B0431B20CCE30014D261 /* FilterViewController.h */ = {isa = PBXFileReference; fileEncoding = 4; lastKnownFileType = sourcecode.c.h; path = FilterViewController.h; sourceTree = "<group>"; };
		04E2B0441B20CCE30014D261 /* FilterViewController.m */ = {isa = PBXFileReference; fileEncoding = 4; lastKnownFileType = sourcecode.c.objc; path = FilterViewController.m; sourceTree = "<group>"; };
		04E2B0451B20CCE30014D261 /* FilterCollectionViewCell.h */ = {isa = PBXFileReference; fileEncoding = 4; lastKnownFileType = sourcecode.c.h; path = FilterCollectionViewCell.h; sourceTree = "<group>"; };
		04E2B04D1B20D0400014D261 /* FeedTableViewController.swift */ = {isa = PBXFileReference; fileEncoding = 4; lastKnownFileType = sourcecode.swift; path = FeedTableViewController.swift; sourceTree = "<group>"; };
		04E2B04F1B20D05F0014D261 /* WelcomeViewController.swift */ = {isa = PBXFileReference; fileEncoding = 4; lastKnownFileType = sourcecode.swift; path = WelcomeViewController.swift; sourceTree = "<group>"; };
		04E2B0511B20D06F0014D261 /* LogInViewController.swift */ = {isa = PBXFileReference; fileEncoding = 4; lastKnownFileType = sourcecode.swift; path = LogInViewController.swift; sourceTree = "<group>"; };
		04E2B0531B20D07B0014D261 /* RegisterViewController.swift */ = {isa = PBXFileReference; fileEncoding = 4; lastKnownFileType = sourcecode.swift; path = RegisterViewController.swift; sourceTree = "<group>"; };
		04E2B0551B20D0AC0014D261 /* SubmitViewController.swift */ = {isa = PBXFileReference; fileEncoding = 4; lastKnownFileType = sourcecode.swift; path = SubmitViewController.swift; sourceTree = "<group>"; };
		04E2B05C1B20D5630014D261 /* FeedTableViewCell.h */ = {isa = PBXFileReference; fileEncoding = 4; lastKnownFileType = sourcecode.c.h; path = FeedTableViewCell.h; sourceTree = "<group>"; };
		04E2B05D1B20D5630014D261 /* FeedTableViewCell.m */ = {isa = PBXFileReference; fileEncoding = 4; lastKnownFileType = sourcecode.c.objc; path = FeedTableViewCell.m; sourceTree = "<group>"; };
		04E2B05F1B20D5D90014D261 /* SelfieCollectionViewCell.h */ = {isa = PBXFileReference; fileEncoding = 4; lastKnownFileType = sourcecode.c.h; path = SelfieCollectionViewCell.h; sourceTree = "<group>"; };
		04E2B0601B20D5D90014D261 /* SelfieCollectionViewCell.m */ = {isa = PBXFileReference; fileEncoding = 4; lastKnownFileType = sourcecode.c.objc; path = SelfieCollectionViewCell.m; sourceTree = "<group>"; };
		04E2B0631B20D6510014D261 /* PrettyButton.swift */ = {isa = PBXFileReference; fileEncoding = 4; lastKnownFileType = sourcecode.swift; path = PrettyButton.swift; sourceTree = "<group>"; };
		04E2B0651B20D6820014D261 /* PrettyField.swift */ = {isa = PBXFileReference; fileEncoding = 4; lastKnownFileType = sourcecode.swift; path = PrettyField.swift; sourceTree = "<group>"; };
		04E2B0671B20D6BC0014D261 /* AvatarView.swift */ = {isa = PBXFileReference; fileEncoding = 4; lastKnownFileType = sourcecode.swift; path = AvatarView.swift; sourceTree = "<group>"; };
		04E2B0691B20D7580014D261 /* StarButton.swift */ = {isa = PBXFileReference; fileEncoding = 4; lastKnownFileType = sourcecode.swift; path = StarButton.swift; sourceTree = "<group>"; };
/* End PBXFileReference section */

/* Begin PBXFrameworksBuildPhase section */
		04E2B0171B20A51D0014D261 /* Frameworks */ = {
			isa = PBXFrameworksBuildPhase;
			buildActionMask = 2147483647;
			files = (
			);
			runOnlyForDeploymentPostprocessing = 0;
		};
		04E2B02C1B20A51D0014D261 /* Frameworks */ = {
			isa = PBXFrameworksBuildPhase;
			buildActionMask = 2147483647;
			files = (
			);
			runOnlyForDeploymentPostprocessing = 0;
		};
/* End PBXFrameworksBuildPhase section */

/* Begin PBXGroup section */
		04E2B0111B20A51D0014D261 = {
			isa = PBXGroup;
			children = (
				04E2B01C1B20A51D0014D261 /* Selfie */,
				04E2B0321B20A51D0014D261 /* SelfieTests */,
				04E2B01B1B20A51D0014D261 /* Products */,
			);
			sourceTree = "<group>";
		};
		04E2B01B1B20A51D0014D261 /* Products */ = {
			isa = PBXGroup;
			children = (
				04E2B01A1B20A51D0014D261 /* Selfie.app */,
				04E2B02F1B20A51D0014D261 /* SelfieTests.xctest */,
			);
			name = Products;
			sourceTree = "<group>";
		};
		04E2B01C1B20A51D0014D261 /* Selfie */ = {
			isa = PBXGroup;
			children = (
				04E2B0621B20D62D0014D261 /* IBDesignable */,
				04E2B04C1B20CD360014D261 /* Login Flow */,
				04E2B04B1B20CD1A0014D261 /* Selfie Feed */,
				04E2B04A1B20CD100014D261 /* Profile */,
				04E2B0231B20A51D0014D261 /* Main.storyboard */,
				04E2B01D1B20A51D0014D261 /* Supporting Files */,
			);
			path = Selfie;
			sourceTree = "<group>";
		};
		04E2B01D1B20A51D0014D261 /* Supporting Files */ = {
			isa = PBXGroup;
			children = (
				04E2B03F1B20CCE30014D261 /* Selfie-Bridging-Header.h */,
				04E2B01F1B20A51D0014D261 /* AppDelegate.swift */,
				04E2B0261B20A51D0014D261 /* Images.xcassets */,
				04E2B01E1B20A51D0014D261 /* Info.plist */,
				04E2B0281B20A51D0014D261 /* LaunchScreen.xib */,
			);
			name = "Supporting Files";
			sourceTree = "<group>";
		};
		04E2B0321B20A51D0014D261 /* SelfieTests */ = {
			isa = PBXGroup;
			children = (
				04E2B0351B20A51E0014D261 /* SelfieTests.swift */,
				04E2B0331B20A51D0014D261 /* Supporting Files */,
			);
			path = SelfieTests;
			sourceTree = "<group>";
		};
		04E2B0331B20A51D0014D261 /* Supporting Files */ = {
			isa = PBXGroup;
			children = (
				04E2B0341B20A51D0014D261 /* Info.plist */,
			);
			name = "Supporting Files";
			sourceTree = "<group>";
		};
		04E2B0491B20CCE90014D261 /* New Selfie Flow */ = {
			isa = PBXGroup;
			children = (
				04E2B0401B20CCE30014D261 /* CameraViewController.h */,
				04E2B0411B20CCE30014D261 /* CameraViewController.m */,
				04E2B0431B20CCE30014D261 /* FilterViewController.h */,
				04E2B0441B20CCE30014D261 /* FilterViewController.m */,
				04E2B0551B20D0AC0014D261 /* SubmitViewController.swift */,
				04E2B0591B20D4D60014D261 /* Views */,
			);
			name = "New Selfie Flow";
			sourceTree = "<group>";
		};
		04E2B04A1B20CD100014D261 /* Profile */ = {
			isa = PBXGroup;
			children = (
				04E2B0211B20A51D0014D261 /* ProfileViewController.swift */,
				04E2B0571B20D4610014D261 /* Views */,
			);
			name = Profile;
			sourceTree = "<group>";
		};
		04E2B04B1B20CD1A0014D261 /* Selfie Feed */ = {
			isa = PBXGroup;
			children = (
				04E2B04D1B20D0400014D261 /* FeedTableViewController.swift */,
				04E2B0581B20D4A70014D261 /* Views */,
			);
			name = "Selfie Feed";
			sourceTree = "<group>";
		};
		04E2B04C1B20CD360014D261 /* Login Flow */ = {
			isa = PBXGroup;
			children = (
				04E2B04F1B20D05F0014D261 /* WelcomeViewController.swift */,
				04E2B0511B20D06F0014D261 /* LogInViewController.swift */,
				04E2B0531B20D07B0014D261 /* RegisterViewController.swift */,
			);
			name = "Login Flow";
			sourceTree = "<group>";
		};
		04E2B0571B20D4610014D261 /* Views */ = {
			isa = PBXGroup;
			children = (
				04E2B05F1B20D5D90014D261 /* SelfieCollectionViewCell.h */,
				04E2B0601B20D5D90014D261 /* SelfieCollectionViewCell.m */,
				04E2B0491B20CCE90014D261 /* New Selfie Flow */,
			);
			name = Views;
			sourceTree = "<group>";
		};
		04E2B0581B20D4A70014D261 /* Views */ = {
			isa = PBXGroup;
			children = (
				04E2B05C1B20D5630014D261 /* FeedTableViewCell.h */,
				04E2B05D1B20D5630014D261 /* FeedTableViewCell.m */,
			);
			name = Views;
			sourceTree = "<group>";
		};
		04E2B0591B20D4D60014D261 /* Views */ = {
			isa = PBXGroup;
			children = (
				04E2B0421B20CCE30014D261 /* FilterCollectionViewCell.m */,
				04E2B0451B20CCE30014D261 /* FilterCollectionViewCell.h */,
			);
			name = Views;
			sourceTree = "<group>";
		};
		04E2B0621B20D62D0014D261 /* IBDesignable */ = {
			isa = PBXGroup;
			children = (
				04E2B0631B20D6510014D261 /* PrettyButton.swift */,
				04E2B0651B20D6820014D261 /* PrettyField.swift */,
				04E2B0671B20D6BC0014D261 /* AvatarView.swift */,
				04E2B0691B20D7580014D261 /* StarButton.swift */,
			);
			name = IBDesignable;
			sourceTree = "<group>";
		};
/* End PBXGroup section */

/* Begin PBXNativeTarget section */
		04E2B0191B20A51D0014D261 /* Selfie */ = {
			isa = PBXNativeTarget;
			buildConfigurationList = 04E2B0391B20A51E0014D261 /* Build configuration list for PBXNativeTarget "Selfie" */;
			buildPhases = (
				04E2B0161B20A51D0014D261 /* Sources */,
				04E2B0171B20A51D0014D261 /* Frameworks */,
				04E2B0181B20A51D0014D261 /* Resources */,
			);
			buildRules = (
			);
			dependencies = (
			);
			name = Selfie;
			productName = Selfie;
			productReference = 04E2B01A1B20A51D0014D261 /* Selfie.app */;
			productType = "com.apple.product-type.application";
		};
		04E2B02E1B20A51D0014D261 /* SelfieTests */ = {
			isa = PBXNativeTarget;
			buildConfigurationList = 04E2B03C1B20A51E0014D261 /* Build configuration list for PBXNativeTarget "SelfieTests" */;
			buildPhases = (
				04E2B02B1B20A51D0014D261 /* Sources */,
				04E2B02C1B20A51D0014D261 /* Frameworks */,
				04E2B02D1B20A51D0014D261 /* Resources */,
			);
			buildRules = (
			);
			dependencies = (
				04E2B0311B20A51D0014D261 /* PBXTargetDependency */,
			);
			name = SelfieTests;
			productName = SelfieTests;
			productReference = 04E2B02F1B20A51D0014D261 /* SelfieTests.xctest */;
			productType = "com.apple.product-type.bundle.unit-test";
		};
/* End PBXNativeTarget section */

/* Begin PBXProject section */
		04E2B0121B20A51D0014D261 /* Project object */ = {
			isa = PBXProject;
			attributes = {
				LastUpgradeCheck = 0630;
				ORGANIZATIONNAME = "Shannon Armon";
				TargetAttributes = {
					04E2B0191B20A51D0014D261 = {
						CreatedOnToolsVersion = 6.3.1;
					};
					04E2B02E1B20A51D0014D261 = {
						CreatedOnToolsVersion = 6.3.1;
						TestTargetID = 04E2B0191B20A51D0014D261;
					};
				};
			};
			buildConfigurationList = 04E2B0151B20A51D0014D261 /* Build configuration list for PBXProject "Selfie" */;
			compatibilityVersion = "Xcode 3.2";
			developmentRegion = English;
			hasScannedForEncodings = 0;
			knownRegions = (
				en,
				Base,
			);
			mainGroup = 04E2B0111B20A51D0014D261;
			productRefGroup = 04E2B01B1B20A51D0014D261 /* Products */;
			projectDirPath = "";
			projectRoot = "";
			targets = (
				04E2B0191B20A51D0014D261 /* Selfie */,
				04E2B02E1B20A51D0014D261 /* SelfieTests */,
			);
		};
/* End PBXProject section */

/* Begin PBXResourcesBuildPhase section */
		04E2B0181B20A51D0014D261 /* Resources */ = {
			isa = PBXResourcesBuildPhase;
			buildActionMask = 2147483647;
			files = (
				04E2B0251B20A51D0014D261 /* Main.storyboard in Resources */,
				04E2B02A1B20A51D0014D261 /* LaunchScreen.xib in Resources */,
				04E2B0271B20A51D0014D261 /* Images.xcassets in Resources */,
			);
			runOnlyForDeploymentPostprocessing = 0;
		};
		04E2B02D1B20A51D0014D261 /* Resources */ = {
			isa = PBXResourcesBuildPhase;
			buildActionMask = 2147483647;
			files = (
			);
			runOnlyForDeploymentPostprocessing = 0;
		};
/* End PBXResourcesBuildPhase section */

/* Begin PBXSourcesBuildPhase section */
		04E2B0161B20A51D0014D261 /* Sources */ = {
			isa = PBXSourcesBuildPhase;
			buildActionMask = 2147483647;
			files = (
				04E2B0661B20D6820014D261 /* PrettyField.swift in Sources */,
				04E2B06A1B20D7580014D261 /* StarButton.swift in Sources */,
				04E2B0541B20D07B0014D261 /* RegisterViewController.swift in Sources */,
				04E2B05E1B20D5630014D261 /* FeedTableViewCell.m in Sources */,
				04E2B0461B20CCE30014D261 /* CameraViewController.m in Sources */,
				04E2B04E1B20D0400014D261 /* FeedTableViewController.swift in Sources */,
				04E2B0611B20D5D90014D261 /* SelfieCollectionViewCell.m in Sources */,
				04E2B0221B20A51D0014D261 /* ProfileViewController.swift in Sources */,
				04E2B0471B20CCE30014D261 /* FilterCollectionViewCell.m in Sources */,
				04E2B0521B20D06F0014D261 /* LogInViewController.swift in Sources */,
				04E2B0641B20D6510014D261 /* PrettyButton.swift in Sources */,
				04E2B0561B20D0AC0014D261 /* SubmitViewController.swift in Sources */,
				04E2B0201B20A51D0014D261 /* AppDelegate.swift in Sources */,
				04E2B0481B20CCE30014D261 /* FilterViewController.m in Sources */,
				04E2B0681B20D6BC0014D261 /* AvatarView.swift in Sources */,
				04E2B0501B20D05F0014D261 /* WelcomeViewController.swift in Sources */,
			);
			runOnlyForDeploymentPostprocessing = 0;
		};
		04E2B02B1B20A51D0014D261 /* Sources */ = {
			isa = PBXSourcesBuildPhase;
			buildActionMask = 2147483647;
			files = (
				04E2B0361B20A51E0014D261 /* SelfieTests.swift in Sources */,
			);
			runOnlyForDeploymentPostprocessing = 0;
		};
/* End PBXSourcesBuildPhase section */

/* Begin PBXTargetDependency section */
		04E2B0311B20A51D0014D261 /* PBXTargetDependency */ = {
			isa = PBXTargetDependency;
			target = 04E2B0191B20A51D0014D261 /* Selfie */;
			targetProxy = 04E2B0301B20A51D0014D261 /* PBXContainerItemProxy */;
		};
/* End PBXTargetDependency section */

/* Begin PBXVariantGroup section */
		04E2B0231B20A51D0014D261 /* Main.storyboard */ = {
			isa = PBXVariantGroup;
			children = (
				04E2B0241B20A51D0014D261 /* Base */,
			);
			name = Main.storyboard;
			sourceTree = "<group>";
		};
		04E2B0281B20A51D0014D261 /* LaunchScreen.xib */ = {
			isa = PBXVariantGroup;
			children = (
				04E2B0291B20A51D0014D261 /* Base */,
			);
			name = LaunchScreen.xib;
			sourceTree = "<group>";
		};
/* End PBXVariantGroup section */

/* Begin XCBuildConfiguration section */
		04E2B0371B20A51E0014D261 /* Debug */ = {
			isa = XCBuildConfiguration;
			buildSettings = {
				ALWAYS_SEARCH_USER_PATHS = NO;
				CLANG_CXX_LANGUAGE_STANDARD = "gnu++0x";
				CLANG_CXX_LIBRARY = "libc++";
				CLANG_ENABLE_MODULES = YES;
				CLANG_ENABLE_OBJC_ARC = YES;
				CLANG_WARN_BOOL_CONVERSION = YES;
				CLANG_WARN_CONSTANT_CONVERSION = YES;
				CLANG_WARN_DIRECT_OBJC_ISA_USAGE = YES_ERROR;
				CLANG_WARN_EMPTY_BODY = YES;
				CLANG_WARN_ENUM_CONVERSION = YES;
				CLANG_WARN_INT_CONVERSION = YES;
				CLANG_WARN_OBJC_ROOT_CLASS = YES_ERROR;
				CLANG_WARN_UNREACHABLE_CODE = YES;
				CLANG_WARN__DUPLICATE_METHOD_MATCH = YES;
				"CODE_SIGN_IDENTITY[sdk=iphoneos*]" = "iPhone Developer";
				COPY_PHASE_STRIP = NO;
				DEBUG_INFORMATION_FORMAT = "dwarf-with-dsym";
				ENABLE_STRICT_OBJC_MSGSEND = YES;
				GCC_C_LANGUAGE_STANDARD = gnu99;
				GCC_DYNAMIC_NO_PIC = NO;
				GCC_NO_COMMON_BLOCKS = YES;
				GCC_OPTIMIZATION_LEVEL = 0;
				GCC_PREPROCESSOR_DEFINITIONS = (
					"DEBUG=1",
					"$(inherited)",
				);
				GCC_SYMBOLS_PRIVATE_EXTERN = NO;
				GCC_WARN_64_TO_32_BIT_CONVERSION = YES;
				GCC_WARN_ABOUT_RETURN_TYPE = YES_ERROR;
				GCC_WARN_UNDECLARED_SELECTOR = YES;
				GCC_WARN_UNINITIALIZED_AUTOS = YES_AGGRESSIVE;
				GCC_WARN_UNUSED_FUNCTION = YES;
				GCC_WARN_UNUSED_VARIABLE = YES;
				IPHONEOS_DEPLOYMENT_TARGET = 8.3;
				MTL_ENABLE_DEBUG_INFO = YES;
				ONLY_ACTIVE_ARCH = YES;
				SDKROOT = iphoneos;
				SWIFT_OPTIMIZATION_LEVEL = "-Onone";
			};
			name = Debug;
		};
		04E2B0381B20A51E0014D261 /* Release */ = {
			isa = XCBuildConfiguration;
			buildSettings = {
				ALWAYS_SEARCH_USER_PATHS = NO;
				CLANG_CXX_LANGUAGE_STANDARD = "gnu++0x";
				CLANG_CXX_LIBRARY = "libc++";
				CLANG_ENABLE_MODULES = YES;
				CLANG_ENABLE_OBJC_ARC = YES;
				CLANG_WARN_BOOL_CONVERSION = YES;
				CLANG_WARN_CONSTANT_CONVERSION = YES;
				CLANG_WARN_DIRECT_OBJC_ISA_USAGE = YES_ERROR;
				CLANG_WARN_EMPTY_BODY = YES;
				CLANG_WARN_ENUM_CONVERSION = YES;
				CLANG_WARN_INT_CONVERSION = YES;
				CLANG_WARN_OBJC_ROOT_CLASS = YES_ERROR;
				CLANG_WARN_UNREACHABLE_CODE = YES;
				CLANG_WARN__DUPLICATE_METHOD_MATCH = YES;
				"CODE_SIGN_IDENTITY[sdk=iphoneos*]" = "iPhone Developer";
				COPY_PHASE_STRIP = NO;
				DEBUG_INFORMATION_FORMAT = "dwarf-with-dsym";
				ENABLE_NS_ASSERTIONS = NO;
				ENABLE_STRICT_OBJC_MSGSEND = YES;
				GCC_C_LANGUAGE_STANDARD = gnu99;
				GCC_NO_COMMON_BLOCKS = YES;
				GCC_WARN_64_TO_32_BIT_CONVERSION = YES;
				GCC_WARN_ABOUT_RETURN_TYPE = YES_ERROR;
				GCC_WARN_UNDECLARED_SELECTOR = YES;
				GCC_WARN_UNINITIALIZED_AUTOS = YES_AGGRESSIVE;
				GCC_WARN_UNUSED_FUNCTION = YES;
				GCC_WARN_UNUSED_VARIABLE = YES;
				IPHONEOS_DEPLOYMENT_TARGET = 8.3;
				MTL_ENABLE_DEBUG_INFO = NO;
				SDKROOT = iphoneos;
				VALIDATE_PRODUCT = YES;
			};
			name = Release;
		};
		04E2B03A1B20A51E0014D261 /* Debug */ = {
			isa = XCBuildConfiguration;
			buildSettings = {
				ASSETCATALOG_COMPILER_APPICON_NAME = AppIcon;
				CLANG_ENABLE_MODULES = YES;
				INFOPLIST_FILE = Selfie/Info.plist;
				LD_RUNPATH_SEARCH_PATHS = "$(inherited) @executable_path/Frameworks";
				PRODUCT_NAME = "$(TARGET_NAME)";
				SWIFT_OBJC_BRIDGING_HEADER = "Selfie/Selfie-Bridging-Header.h";
				SWIFT_OPTIMIZATION_LEVEL = "-Onone";
			};
			name = Debug;
		};
		04E2B03B1B20A51E0014D261 /* Release */ = {
			isa = XCBuildConfiguration;
			buildSettings = {
				ASSETCATALOG_COMPILER_APPICON_NAME = AppIcon;
				CLANG_ENABLE_MODULES = YES;
				INFOPLIST_FILE = Selfie/Info.plist;
				LD_RUNPATH_SEARCH_PATHS = "$(inherited) @executable_path/Frameworks";
				PRODUCT_NAME = "$(TARGET_NAME)";
				SWIFT_OBJC_BRIDGING_HEADER = "Selfie/Selfie-Bridging-Header.h";
			};
			name = Release;
		};
		04E2B03D1B20A51E0014D261 /* Debug */ = {
			isa = XCBuildConfiguration;
			buildSettings = {
				BUNDLE_LOADER = "$(TEST_HOST)";
				FRAMEWORK_SEARCH_PATHS = (
					"$(SDKROOT)/Developer/Library/Frameworks",
					"$(inherited)",
				);
				GCC_PREPROCESSOR_DEFINITIONS = (
					"DEBUG=1",
					"$(inherited)",
				);
				INFOPLIST_FILE = SelfieTests/Info.plist;
				LD_RUNPATH_SEARCH_PATHS = "$(inherited) @executable_path/Frameworks @loader_path/Frameworks";
				PRODUCT_NAME = "$(TARGET_NAME)";
				TEST_HOST = "$(BUILT_PRODUCTS_DIR)/Selfie.app/Selfie";
			};
			name = Debug;
		};
		04E2B03E1B20A51E0014D261 /* Release */ = {
			isa = XCBuildConfiguration;
			buildSettings = {
				BUNDLE_LOADER = "$(TEST_HOST)";
				FRAMEWORK_SEARCH_PATHS = (
					"$(SDKROOT)/Developer/Library/Frameworks",
					"$(inherited)",
				);
				INFOPLIST_FILE = SelfieTests/Info.plist;
				LD_RUNPATH_SEARCH_PATHS = "$(inherited) @executable_path/Frameworks @loader_path/Frameworks";
				PRODUCT_NAME = "$(TARGET_NAME)";
				TEST_HOST = "$(BUILT_PRODUCTS_DIR)/Selfie.app/Selfie";
			};
			name = Release;
		};
/* End XCBuildConfiguration section */

/* Begin XCConfigurationList section */
		04E2B0151B20A51D0014D261 /* Build configuration list for PBXProject "Selfie" */ = {
			isa = XCConfigurationList;
			buildConfigurations = (
				04E2B0371B20A51E0014D261 /* Debug */,
				04E2B0381B20A51E0014D261 /* Release */,
			);
			defaultConfigurationIsVisible = 0;
			defaultConfigurationName = Release;
		};
		04E2B0391B20A51E0014D261 /* Build configuration list for PBXNativeTarget "Selfie" */ = {
			isa = XCConfigurationList;
			buildConfigurations = (
				04E2B03A1B20A51E0014D261 /* Debug */,
				04E2B03B1B20A51E0014D261 /* Release */,
			);
			defaultConfigurationIsVisible = 0;
		};
		04E2B03C1B20A51E0014D261 /* Build configuration list for PBXNativeTarget "SelfieTests" */ = {
			isa = XCConfigurationList;
			buildConfigurations = (
				04E2B03D1B20A51E0014D261 /* Debug */,
				04E2B03E1B20A51E0014D261 /* Release */,
			);
			defaultConfigurationIsVisible = 0;
		};
/* End XCConfigurationList section */
	};
	rootObject = 04E2B0121B20A51D0014D261 /* Project object */;
}
